github.com/fsnotify/fsnotify v1.9.0 h1:2Ml+OJNzbYCTzsxtv8vKSFD9PbJjmhYF14k/jKC7S9k=
github.com/fsnotify/fsnotify v1.9.0/go.mod h1:8jBTzvmWwFyi3Pb8djgCCO5IBqzKJ/Jwo8TRcHyHii0=
github.com/golang-jwt/jwt v3.2.2+incompatible h1:IfV12K8xAKAnZqdXVzCZ+TOjboZ2keLg81eXfW3O+oY=
github.com/golang-jwt/jwt v3.2.2+incompatible/go.mod h1:8pz2t5EyA70fFQQSrl6XZXzqecmYZeUEB8OUGHkxJ+I=
github.com/golang-jwt/jwt/v4 v4.5.2 h1:YtQM7lnr8iZ+j5q71MGKkNw9Mn7AjHM68uc9g5fXeUI=
github.com/golang-jwt/jwt/v4 v4.5.2/go.mod h1:m21LjoU+eqJr34lmDMbreY2eSTRJ1cv77w39/MY0Ch0=
github.com/gorilla/websocket v1.5.3 h1:saDtZ6Pbx/0u+bgYQ3q96pZgCzfhKXGPqt7kZ72aNNg=
github.com/gorilla/websocket v1.5.3/go.mod h1:YR8l580nyteQvAITg2hZ9XVh4b55+EU/adAjf1fMHhE=
github.com/joho/godotenv v1.5.1 h1:7eLL/+HRGLY0ldzfGMeQkb7vMd0as4CfYvUVzLqw0N0=
github.com/joho/godotenv v1.5.1/go.mod h1:f4LDr5Voq0i2e/R5DDNOoa2zzDfwtkZa6DnEwAbqwq4=
github.com/qodex/ff v1.0.0 h1:KyRyehEz/HOj57HcsnXIV4d395vgM7PmIncK3UD1RWc=
github.com/qodex/ff v1.0.0/go.mod h1:hFwMrjhcIr4T1aQksyBm1g/Jph8rfJvLTGtW1neYp1A=
github.com/qodex/ff v1.0.1 h1:9tSWzv2kNuNljTubyG3Cc1ndyRoTrZ6ojd40XMmygiY=
github.com/qodex/ff v1.0.1/go.mod h1:hFwMrjhcIr4T1aQksyBm1g/Jph8rfJvLTGtW1neYp1A=
github.com/qodex/id1 v1.0.0 h1:C00cISVRucXf8YT0w4Ah2beVYQ7NUa+sRF1uL7urcLo=
github.com/qodex/id1 v1.0.0/go.mod h1:p8UW0J3UhnBeRsZbhqXhIAxILcNh2lhXCf6qWcUBvU4=
github.com/qodex/id1-client-go v1.0.0 h1:dDU5kaAwyx09QVZpbM1VRzuug2Wb0eOAjge+rbJ5Upo=
github.com/qodex/id1-client-go v1.0.0/go.mod h1:wDIgIyWalGAKRITES5Sl3ubzkFMxr83E9YjX/3zSwnQ=
github.com/qodex/id1-client-go v1.0.1 h1:9aYayKl9xDE9NnBqpaQ3zqHXntHwMqPeFhM8LVTa8sQ=
github.com/qodex/id1-client-go v1.0.1/go.mod h1:wDIgIyWalGAKRITES5Sl3ubzkFMxr83E9YjX/3zSwnQ=
golang.org/x/sys v0.32.0 h1:s77OFDvIQeibCmezSnk/q6iAfkdiQaJi4VzroCFrN20=
golang.org/x/sys v0.32.0/go.mod h1:BJP2sWEmIv4KK5OTEluFJCKSidICx8ciO85XgH3Ak8k=
